{
  "name": "cg-2024.2",
  "version": "1.0.0",
  "lockfileVersion": 3,
  "requires": true,
  "packages": {
    "": {
      "name": "cg-2024.2",
      "version": "1.0.0",
      "license": "ISC",
      "dependencies": {
        "webgl-utils": "^1.0.1"
      }
    },
    "node_modules/webgl-utils": {
      "version": "1.0.1",
      "resolved": "https://registry.npmjs.org/webgl-utils/-/webgl-utils-1.0.1.tgz",
      "integrity": "sha512-ox5xQ3YkrrOR6pCZHTOud49zzMXP9LnXzx7jIQvHOinV4FK59rGGJURw2Lq1cCTPgMVU2wAWq7e6vEVjz9FdBw=="
    }
  }
}
